github.com/Pooh-Mucho/go-mysql-stdzlib v0.0.0-20200618055944-52e80a3e5c87 h1:QnGIk+I528TxsHZVXtkHWU8rdoSos7XOGgc6mWpQnfM=
github.com/Pooh-Mucho/go-mysql-stdzlib v0.0.0-20200618055944-52e80a3e5c87/go.mod h1:IN8q7zmgOeC0Nzj13H3nASAK4p1DmQt4gbYIOhPfKOs=
github.com/gorilla/mux v1.8.0 h1:i40aqfkR1h2SlN9hojwV5ZA91wcXFOvkdNIeFDP5koI=
github.com/gorilla/mux v1.8.0/go.mod h1:DVbg23sWSpFRCP0SfiEN6jmj59UnW/n46BH5rLB71So=
github.com/hungrybirder/cityhash v1.1.0 h1:uxJQm0zfDYV6JXfnKga+aIvboJi1arzaLBB1kGrYbdQ=
github.com/hungrybirder/cityhash v1.1.0/go.mod h1:8FUW6POEUYuPMoRd1zV2Wy4i4YDR3fTbKTf+wcRQk3U=
github.com/siddontang/go v0.0.0-20180604090527-bdc77568d726 h1:xT+JlYxNGqyT+XcU8iUrN18JYed2TvG9yN5ULG2jATM=
github.com/siddontang/go v0.0.0-20180604090527-bdc77568d726/go.mod h1:3yhqj7WBBfRhbBlzyOC3gUxftwsU0u8gqevxwIHQpMw=
