github.com/go-sql-driver/mysql v1.6.0 h1:BCTh4TKNUYmOmMUcQ3IipzF5prigylS7XXjEkfCHuOE=
github.com/go-sql-driver/mysql v1.6.0/go.mod h1:DCzpHaOWr8IXmIStZouvnhqoel9Qv2LBy8hT2VhHyBg=
github.com/gorilla/mux v1.8.0/go.mod h1:DVbg23sWSpFRCP0SfiEN6jmj59UnW/n46BH5rLB71So=
github.com/siddontang/go v0.0.0-20180604090527-bdc77568d726/go.mod h1:3yhqj7WBBfRhbBlzyOC3gUxftwsU0u8gqevxwIHQpMw=
github.com/zentures/cityhash v0.0.0-20131128155616-cdd6a94144ab h1:BD4YbH4Y0ysgbrP9jGuDB0BxkqyTRk6Y70o3D5Z5ayc=
github.com/zentures/cityhash v0.0.0-20131128155616-cdd6a94144ab/go.mod h1:SvJE1nX57VqPOyqkQGEGcJPWZqeB3FCZ8s7a0uSlG+A=
